// !$*UTF8*$!
{
	archiveVersion = 1;
	classes = {
	};
	objectVersion = 50;
	objects = {

/* Begin PBXBuildFile section */
		A9419B23262D755900B29E0C /* sseApp.swift in Sources */ = {isa = PBXBuildFile; fileRef = A9419B22262D755900B29E0C /* sseApp.swift */; };
		A9419B25262D755900B29E0C /* ContentView.swift in Sources */ = {isa = PBXBuildFile; fileRef = A9419B24262D755900B29E0C /* ContentView.swift */; };
		A9419B27262D755B00B29E0C /* Assets.xcassets in Resources */ = {isa = PBXBuildFile; fileRef = A9419B26262D755B00B29E0C /* Assets.xcassets */; };
		A9419B2A262D755B00B29E0C /* Preview Assets.xcassets in Resources */ = {isa = PBXBuildFile; fileRef = A9419B29262D755B00B29E0C /* Preview Assets.xcassets */; };
		A9419B35262D755C00B29E0C /* sseTests.swift in Sources */ = {isa = PBXBuildFile; fileRef = A9419B34262D755C00B29E0C /* sseTests.swift */; };
		A9419B40262D755C00B29E0C /* sseUITests.swift in Sources */ = {isa = PBXBuildFile; fileRef = A9419B3F262D755C00B29E0C /* sseUITests.swift */; };
/* End PBXBuildFile section */

/* Begin PBXContainerItemProxy section */
		A9419B31262D755C00B29E0C /* PBXContainerItemProxy */ = {
			isa = PBXContainerItemProxy;
			containerPortal = A9419B17262D755900B29E0C /* Project object */;
			proxyType = 1;
			remoteGlobalIDString = A9419B1E262D755900B29E0C;
			remoteInfo = sse;
		};
		A9419B3C262D755C00B29E0C /* PBXContainerItemProxy */ = {
			isa = PBXContainerItemProxy;
			containerPortal = A9419B17262D755900B29E0C /* Project object */;
			proxyType = 1;
			remoteGlobalIDString = A9419B1E262D755900B29E0C;
			remoteInfo = sse;
		};
/* End PBXContainerItemProxy section */

/* Begin PBXFileReference section */
		A9419B1F262D755900B29E0C /* sse.app */ = {isa = PBXFileReference; explicitFileType = wrapper.application; includeInIndex = 0; path = sse.app; sourceTree = BUILT_PRODUCTS_DIR; };
		A9419B22262D755900B29E0C /* sseApp.swift */ = {isa = PBXFileReference; lastKnownFileType = sourcecode.swift; path = sseApp.swift; sourceTree = "<group>"; };
		A9419B24262D755900B29E0C /* ContentView.swift */ = {isa = PBXFileReference; lastKnownFileType = sourcecode.swift; path = ContentView.swift; sourceTree = "<group>"; };
		A9419B26262D755B00B29E0C /* Assets.xcassets */ = {isa = PBXFileReference; lastKnownFileType = folder.assetcatalog; path = Assets.xcassets; sourceTree = "<group>"; };
		A9419B29262D755B00B29E0C /* Preview Assets.xcassets */ = {isa = PBXFileReference; lastKnownFileType = folder.assetcatalog; path = "Preview Assets.xcassets"; sourceTree = "<group>"; };
		A9419B2B262D755B00B29E0C /* Info.plist */ = {isa = PBXFileReference; lastKnownFileType = text.plist.xml; path = Info.plist; sourceTree = "<group>"; };
		A9419B30262D755C00B29E0C /* sseTests.xctest */ = {isa = PBXFileReference; explicitFileType = wrapper.cfbundle; includeInIndex = 0; path = sseTests.xctest; sourceTree = BUILT_PRODUCTS_DIR; };
		A9419B34262D755C00B29E0C /* sseTests.swift */ = {isa = PBXFileReference; lastKnownFileType = sourcecode.swift; path = sseTests.swift; sourceTree = "<group>"; };
		A9419B36262D755C00B29E0C /* Info.plist */ = {isa = PBXFileReference; lastKnownFileType = text.plist.xml; path = Info.plist; sourceTree = "<group>"; };
		A9419B3B262D755C00B29E0C /* sseUITests.xctest */ = {isa = PBXFileReference; explicitFileType = wrapper.cfbundle; includeInIndex = 0; path = sseUITests.xctest; sourceTree = BUILT_PRODUCTS_DIR; };
		A9419B3F262D755C00B29E0C /* sseUITests.swift */ = {isa = PBXFileReference; lastKnownFileType = sourcecode.swift; path = sseUITests.swift; sourceTree = "<group>"; };
		A9419B41262D755C00B29E0C /* Info.plist */ = {isa = PBXFileReference; lastKnownFileType = text.plist.xml; path = Info.plist; sourceTree = "<group>"; };
/* End PBXFileReference section */

/* Begin PBXFrameworksBuildPhase section */
		A9419B1C262D755900B29E0C /* Frameworks */ = {
			isa = PBXFrameworksBuildPhase;
			buildActionMask = 2147483647;
			files = (
			);
			runOnlyForDeploymentPostprocessing = 0;
		};
		A9419B2D262D755C00B29E0C /* Frameworks */ = {
			isa = PBXFrameworksBuildPhase;
			buildActionMask = 2147483647;
			files = (
			);
			runOnlyForDeploymentPostprocessing = 0;
		};
		A9419B38262D755C00B29E0C /* Frameworks */ = {
			isa = PBXFrameworksBuildPhase;
			buildActionMask = 2147483647;
			files = (
			);
			runOnlyForDeploymentPostprocessing = 0;
		};
/* End PBXFrameworksBuildPhase section */

/* Begin PBXGroup section */
		A9419B16262D755900B29E0C = {
			isa = PBXGroup;
			children = (
				A9419B21262D755900B29E0C /* sse */,
				A9419B33262D755C00B29E0C /* sseTests */,
				A9419B3E262D755C00B29E0C /* sseUITests */,
				A9419B20262D755900B29E0C /* Products */,
			);
			sourceTree = "<group>";
		};
		A9419B20262D755900B29E0C /* Products */ = {
			isa = PBXGroup;
			children = (
				A9419B1F262D755900B29E0C /* sse.app */,
				A9419B30262D755C00B29E0C /* sseTests.xctest */,
				A9419B3B262D755C00B29E0C /* sseUITests.xctest */,
			);
			name = Products;
			sourceTree = "<group>";
		};
		A9419B21262D755900B29E0C /* sse */ = {
			isa = PBXGroup;
			children = (
				A9419B22262D755900B29E0C /* sseApp.swift */,
				A9419B24262D755900B29E0C /* ContentView.swift */,
				A9419B26262D755B00B29E0C /* Assets.xcassets */,
				A9419B2B262D755B00B29E0C /* Info.plist */,
				A9419B28262D755B00B29E0C /* Preview Content */,
			);
			path = sse;
			sourceTree = "<group>";
		};
		A9419B28262D755B00B29E0C /* Preview Content */ = {
			isa = PBXGroup;
			children = (
				A9419B29262D755B00B29E0C /* Preview Assets.xcassets */,
			);
			path = "Preview Content";
			sourceTree = "<group>";
		};
		A9419B33262D755C00B29E0C /* sseTests */ = {
			isa = PBXGroup;
			children = (
				A9419B34262D755C00B29E0C /* sseTests.swift */,
				A9419B36262D755C00B29E0C /* Info.plist */,
			);
			path = sseTests;
			sourceTree = "<group>";
		};
		A9419B3E262D755C00B29E0C /* sseUITests */ = {
			isa = PBXGroup;
			children = (
				A9419B3F262D755C00B29E0C /* sseUITests.swift */,
				A9419B41262D755C00B29E0C /* Info.plist */,
			);
			path = sseUITests;
			sourceTree = "<group>";
		};
/* End PBXGroup section */

/* Begin PBXNativeTarget section */
		A9419B1E262D755900B29E0C /* sse */ = {
			isa = PBXNativeTarget;
			buildConfigurationList = A9419B44262D755C00B29E0C /* Build configuration list for PBXNativeTarget "sse" */;
			buildPhases = (
				A9419B1B262D755900B29E0C /* Sources */,
				A9419B1C262D755900B29E0C /* Frameworks */,
				A9419B1D262D755900B29E0C /* Resources */,
			);
			buildRules = (
			);
			dependencies = (
			);
			name = sse;
			productName = sse;
			productReference = A9419B1F262D755900B29E0C /* sse.app */;
			productType = "com.apple.product-type.application";
		};
		A9419B2F262D755C00B29E0C /* sseTests */ = {
			isa = PBXNativeTarget;
			buildConfigurationList = A9419B47262D755C00B29E0C /* Build configuration list for PBXNativeTarget "sseTests" */;
			buildPhases = (
				A9419B2C262D755C00B29E0C /* Sources */,
				A9419B2D262D755C00B29E0C /* Frameworks */,
				A9419B2E262D755C00B29E0C /* Resources */,
			);
			buildRules = (
			);
			dependencies = (
				A9419B32262D755C00B29E0C /* PBXTargetDependency */,
			);
			name = sseTests;
			productName = sseTests;
			productReference = A9419B30262D755C00B29E0C /* sseTests.xctest */;
			productType = "com.apple.product-type.bundle.unit-test";
		};
		A9419B3A262D755C00B29E0C /* sseUITests */ = {
			isa = PBXNativeTarget;
			buildConfigurationList = A9419B4A262D755C00B29E0C /* Build configuration list for PBXNativeTarget "sseUITests" */;
			buildPhases = (
				A9419B37262D755C00B29E0C /* Sources */,
				A9419B38262D755C00B29E0C /* Frameworks */,
				A9419B39262D755C00B29E0C /* Resources */,
			);
			buildRules = (
			);
			dependencies = (
				A9419B3D262D755C00B29E0C /* PBXTargetDependency */,
			);
			name = sseUITests;
			productName = sseUITests;
			productReference = A9419B3B262D755C00B29E0C /* sseUITests.xctest */;
			productType = "com.apple.product-type.bundle.ui-testing";
		};
/* End PBXNativeTarget section */

/* Begin PBXProject section */
		A9419B17262D755900B29E0C /* Project object */ = {
			isa = PBXProject;
			attributes = {
				LastSwiftUpdateCheck = 1240;
				LastUpgradeCheck = 1240;
				TargetAttributes = {
					A9419B1E262D755900B29E0C = {
						CreatedOnToolsVersion = 12.4;
					};
					A9419B2F262D755C00B29E0C = {
						CreatedOnToolsVersion = 12.4;
						TestTargetID = A9419B1E262D755900B29E0C;
					};
					A9419B3A262D755C00B29E0C = {
						CreatedOnToolsVersion = 12.4;
						TestTargetID = A9419B1E262D755900B29E0C;
					};
				};
			};
			buildConfigurationList = A9419B1A262D755900B29E0C /* Build configuration list for PBXProject "sse" */;
			compatibilityVersion = "Xcode 9.3";
			developmentRegion = en;
			hasScannedForEncodings = 0;
			knownRegions = (
				en,
				Base,
			);
			mainGroup = A9419B16262D755900B29E0C;
			productRefGroup = A9419B20262D755900B29E0C /* Products */;
			projectDirPath = "";
			projectRoot = "";
			targets = (
				A9419B1E262D755900B29E0C /* sse */,
				A9419B2F262D755C00B29E0C /* sseTests */,
				A9419B3A262D755C00B29E0C /* sseUITests */,
			);
		};
/* End PBXProject section */

/* Begin PBXResourcesBuildPhase section */
		A9419B1D262D755900B29E0C /* Resources */ = {
			isa = PBXResourcesBuildPhase;
			buildActionMask = 2147483647;
			files = (
				A9419B2A262D755B00B29E0C /* Preview Assets.xcassets in Resources */,
				A9419B27262D755B00B29E0C /* Assets.xcassets in Resources */,
			);
			runOnlyForDeploymentPostprocessing = 0;
		};
		A9419B2E262D755C00B29E0C /* Resources */ = {
			isa = PBXResourcesBuildPhase;
			buildActionMask = 2147483647;
			files = (
			);
			runOnlyForDeploymentPostprocessing = 0;
		};
		A9419B39262D755C00B29E0C /* Resources */ = {
			isa = PBXResourcesBuildPhase;
			buildActionMask = 2147483647;
			files = (
			);
			runOnlyForDeploymentPostprocessing = 0;
		};
/* End PBXResourcesBuildPhase section */

/* Begin PBXSourcesBuildPhase section */
		A9419B1B262D755900B29E0C /* Sources */ = {
			isa = PBXSourcesBuildPhase;
			buildActionMask = 2147483647;
			files = (
				A9419B25262D755900B29E0C /* ContentView.swift in Sources */,
				A9419B23262D755900B29E0C /* sseApp.swift in Sources */,
			);
			runOnlyForDeploymentPostprocessing = 0;
		};
		A9419B2C262D755C00B29E0C /* Sources */ = {
			isa = PBXSourcesBuildPhase;
			buildActionMask = 2147483647;
			files = (
				A9419B35262D755C00B29E0C /* sseTests.swift in Sources */,
			);
			runOnlyForDeploymentPostprocessing = 0;
		};
		A9419B37262D755C00B29E0C /* Sources */ = {
			isa = PBXSourcesBuildPhase;
			buildActionMask = 2147483647;
			files = (
				A9419B40262D755C00B29E0C /* sseUITests.swift in Sources */,
			);
			runOnlyForDeploymentPostprocessing = 0;
		};
/* End PBXSourcesBuildPhase section */

/* Begin PBXTargetDependency section */
		A9419B32262D755C00B29E0C /* PBXTargetDependency */ = {
			isa = PBXTargetDependency;
			target = A9419B1E262D755900B29E0C /* sse */;
			targetProxy = A9419B31262D755C00B29E0C /* PBXContainerItemProxy */;
		};
		A9419B3D262D755C00B29E0C /* PBXTargetDependency */ = {
			isa = PBXTargetDependency;
			target = A9419B1E262D755900B29E0C /* sse */;
			targetProxy = A9419B3C262D755C00B29E0C /* PBXContainerItemProxy */;
		};
/* End PBXTargetDependency section */

/* Begin XCBuildConfiguration section */
		A9419B42262D755C00B29E0C /* Debug */ = {
			isa = XCBuildConfiguration;
			buildSettings = {
				ALWAYS_SEARCH_USER_PATHS = NO;
				CLANG_ANALYZER_NONNULL = YES;
				CLANG_ANALYZER_NUMBER_OBJECT_CONVERSION = YES_AGGRESSIVE;
				CLANG_CXX_LANGUAGE_STANDARD = "gnu++14";
				CLANG_CXX_LIBRARY = "libc++";
				CLANG_ENABLE_MODULES = YES;
				CLANG_ENABLE_OBJC_ARC = YES;
				CLANG_ENABLE_OBJC_WEAK = YES;
				CLANG_WARN_BLOCK_CAPTURE_AUTORELEASING = YES;
				CLANG_WARN_BOOL_CONVERSION = YES;
				CLANG_WARN_COMMA = YES;
				CLANG_WARN_CONSTANT_CONVERSION = YES;
				CLANG_WARN_DEPRECATED_OBJC_IMPLEMENTATIONS = YES;
				CLANG_WARN_DIRECT_OBJC_ISA_USAGE = YES_ERROR;
				CLANG_WARN_DOCUMENTATION_COMMENTS = YES;
				CLANG_WARN_EMPTY_BODY = YES;
				CLANG_WARN_ENUM_CONVERSION = YES;
				CLANG_WARN_INFINITE_RECURSION = YES;
				CLANG_WARN_INT_CONVERSION = YES;
				CLANG_WARN_NON_LITERAL_NULL_CONVERSION = YES;
				CLANG_WARN_OBJC_IMPLICIT_RETAIN_SELF = YES;
				CLANG_WARN_OBJC_LITERAL_CONVERSION = YES;
				CLANG_WARN_OBJC_ROOT_CLASS = YES_ERROR;
				CLANG_WARN_QUOTED_INCLUDE_IN_FRAMEWORK_HEADER = YES;
				CLANG_WARN_RANGE_LOOP_ANALYSIS = YES;
				CLANG_WARN_STRICT_PROTOTYPES = YES;
				CLANG_WARN_SUSPICIOUS_MOVE = YES;
				CLANG_WARN_UNGUARDED_AVAILABILITY = YES_AGGRESSIVE;
				CLANG_WARN_UNREACHABLE_CODE = YES;
				CLANG_WARN__DUPLICATE_METHOD_MATCH = YES;
				COPY_PHASE_STRIP = NO;
				DEBUG_INFORMATION_FORMAT = dwarf;
				ENABLE_STRICT_OBJC_MSGSEND = YES;
				ENABLE_TESTABILITY = YES;
				GCC_C_LANGUAGE_STANDARD = gnu11;
				GCC_DYNAMIC_NO_PIC = NO;
				GCC_NO_COMMON_BLOCKS = YES;
				GCC_OPTIMIZATION_LEVEL = 0;
				GCC_PREPROCESSOR_DEFINITIONS = (
					"DEBUG=1",
					"$(inherited)",
				);
				GCC_WARN_64_TO_32_BIT_CONVERSION = YES;
				GCC_WARN_ABOUT_RETURN_TYPE = YES_ERROR;
				GCC_WARN_UNDECLARED_SELECTOR = YES;
				GCC_WARN_UNINITIALIZED_AUTOS = YES_AGGRESSIVE;
				GCC_WARN_UNUSED_FUNCTION = YES;
				GCC_WARN_UNUSED_VARIABLE = YES;
				IPHONEOS_DEPLOYMENT_TARGET = 14.4;
				MTL_ENABLE_DEBUG_INFO = INCLUDE_SOURCE;
				MTL_FAST_MATH = YES;
				ONLY_ACTIVE_ARCH = YES;
				SDKROOT = iphoneos;
				SWIFT_ACTIVE_COMPILATION_CONDITIONS = DEBUG;
				SWIFT_OPTIMIZATION_LEVEL = "-Onone";
			};
			name = Debug;
		};
		A9419B43262D755C00B29E0C /* Release */ = {
			isa = XCBuildConfiguration;
			buildSettings = {
				ALWAYS_SEARCH_USER_PATHS = NO;
				CLANG_ANALYZER_NONNULL = YES;
				CLANG_ANALYZER_NUMBER_OBJECT_CONVERSION = YES_AGGRESSIVE;
				CLANG_CXX_LANGUAGE_STANDARD = "gnu++14";
				CLANG_CXX_LIBRARY = "libc++";
				CLANG_ENABLE_MODULES = YES;
				CLANG_ENABLE_OBJC_ARC = YES;
				CLANG_ENABLE_OBJC_WEAK = YES;
				CLANG_WARN_BLOCK_CAPTURE_AUTORELEASING = YES;
				CLANG_WARN_BOOL_CONVERSION = YES;
				CLANG_WARN_COMMA = YES;
				CLANG_WARN_CONSTANT_CONVERSION = YES;
				CLANG_WARN_DEPRECATED_OBJC_IMPLEMENTATIONS = YES;
				CLANG_WARN_DIRECT_OBJC_ISA_USAGE = YES_ERROR;
				CLANG_WARN_DOCUMENTATION_COMMENTS = YES;
				CLANG_WARN_EMPTY_BODY = YES;
				CLANG_WARN_ENUM_CONVERSION = YES;
				CLANG_WARN_INFINITE_RECURSION = YES;
				CLANG_WARN_INT_CONVERSION = YES;
				CLANG_WARN_NON_LITERAL_NULL_CONVERSION = YES;
				CLANG_WARN_OBJC_IMPLICIT_RETAIN_SELF = YES;
				CLANG_WARN_OBJC_LITERAL_CONVERSION = YES;
				CLANG_WARN_OBJC_ROOT_CLASS = YES_ERROR;
				CLANG_WARN_QUOTED_INCLUDE_IN_FRAMEWORK_HEADER = YES;
				CLANG_WARN_RANGE_LOOP_ANALYSIS = YES;
				CLANG_WARN_STRICT_PROTOTYPES = YES;
				CLANG_WARN_SUSPICIOUS_MOVE = YES;
				CLANG_WARN_UNGUARDED_AVAILABILITY = YES_AGGRESSIVE;
				CLANG_WARN_UNREACHABLE_CODE = YES;
				CLANG_WARN__DUPLICATE_METHOD_MATCH = YES;
				COPY_PHASE_STRIP = NO;
				DEBUG_INFORMATION_FORMAT = "dwarf-with-dsym";
				ENABLE_NS_ASSERTIONS = NO;
				ENABLE_STRICT_OBJC_MSGSEND = YES;
				GCC_C_LANGUAGE_STANDARD = gnu11;
				GCC_NO_COMMON_BLOCKS = YES;
				GCC_WARN_64_TO_32_BIT_CONVERSION = YES;
				GCC_WARN_ABOUT_RETURN_TYPE = YES_ERROR;
				GCC_WARN_UNDECLARED_SELECTOR = YES;
				GCC_WARN_UNINITIALIZED_AUTOS = YES_AGGRESSIVE;
				GCC_WARN_UNUSED_FUNCTION = YES;
				GCC_WARN_UNUSED_VARIABLE = YES;
				IPHONEOS_DEPLOYMENT_TARGET = 14.4;
				MTL_ENABLE_DEBUG_INFO = NO;
				MTL_FAST_MATH = YES;
				SDKROOT = iphoneos;
				SWIFT_COMPILATION_MODE = wholemodule;
				SWIFT_OPTIMIZATION_LEVEL = "-O";
				VALIDATE_PRODUCT = YES;
			};
			name = Release;
		};
		A9419B45262D755C00B29E0C /* Debug */ = {
			isa = XCBuildConfiguration;
			buildSettings = {
				ASSETCATALOG_COMPILER_APPICON_NAME = AppIcon;
				ASSETCATALOG_COMPILER_GLOBAL_ACCENT_COLOR_NAME = AccentColor;
				CODE_SIGN_STYLE = Automatic;
				DEVELOPMENT_ASSET_PATHS = "\"sse/Preview Content\"";
				ENABLE_PREVIEWS = YES;
				INFOPLIST_FILE = sse/Info.plist;
				IPHONEOS_DEPLOYMENT_TARGET = 14.0;
				LD_RUNPATH_SEARCH_PATHS = (
					"$(inherited)",
					"@executable_path/Frameworks",
				);
				PRODUCT_BUNDLE_IDENTIFIER = S.sse;
				PRODUCT_NAME = "$(TARGET_NAME)";
				SWIFT_VERSION = 5.0;
				TARGETED_DEVICE_FAMILY = "1,2";
			};
			name = Debug;
		};
		A9419B46262D755C00B29E0C /* Release */ = {
			isa = XCBuildConfiguration;
			buildSettings = {
				ASSETCATALOG_COMPILER_APPICON_NAME = AppIcon;
				ASSETCATALOG_COMPILER_GLOBAL_ACCENT_COLOR_NAME = AccentColor;
				CODE_SIGN_STYLE = Automatic;
				DEVELOPMENT_ASSET_PATHS = "\"sse/Preview Content\"";
				ENABLE_PREVIEWS = YES;
				INFOPLIST_FILE = sse/Info.plist;
				IPHONEOS_DEPLOYMENT_TARGET = 14.0;
				LD_RUNPATH_SEARCH_PATHS = (
					"$(inherited)",
					"@executable_path/Frameworks",
				);
				PRODUCT_BUNDLE_IDENTIFIER = S.sse;
				PRODUCT_NAME = "$(TARGET_NAME)";
				SWIFT_VERSION = 5.0;
				TARGETED_DEVICE_FAMILY = "1,2";
			};
			name = Release;
		};
		A9419B48262D755C00B29E0C /* Debug */ = {
			isa = XCBuildConfiguration;
			buildSettings = {
				ALWAYS_EMBED_SWIFT_STANDARD_LIBRARIES = YES;
				BUNDLE_LOADER = "$(TEST_HOST)";
				CODE_SIGN_STYLE = Automatic;
				INFOPLIST_FILE = sseTests/Info.plist;
				IPHONEOS_DEPLOYMENT_TARGET = 14.0;
				LD_RUNPATH_SEARCH_PATHS = (
					"$(inherited)",
					"@executable_path/Frameworks",
					"@loader_path/Frameworks",
				);
				PRODUCT_BUNDLE_IDENTIFIER = S.sseTests;
				PRODUCT_NAME = "$(TARGET_NAME)";
				SWIFT_VERSION = 5.0;
				TARGETED_DEVICE_FAMILY = "1,2";
				TEST_HOST = "$(BUILT_PRODUCTS_DIR)/sse.app/sse";
			};
			name = Debug;
		};
		A9419B49262D755C00B29E0C /* Release */ = {
			isa = XCBuildConfiguration;
			buildSettings = {
				ALWAYS_EMBED_SWIFT_STANDARD_LIBRARIES = YES;
				BUNDLE_LOADER = "$(TEST_HOST)";
				CODE_SIGN_STYLE = Automatic;
				INFOPLIST_FILE = sseTests/Info.plist;
				IPHONEOS_DEPLOYMENT_TARGET = 14.0;
				LD_RUNPATH_SEARCH_PATHS = (
					"$(inherited)",
					"@executable_path/Frameworks",
					"@loader_path/Frameworks",
				);
				PRODUCT_BUNDLE_IDENTIFIER = S.sseTests;
				PRODUCT_NAME = "$(TARGET_NAME)";
				SWIFT_VERSION = 5.0;
				TARGETED_DEVICE_FAMILY = "1,2";
				TEST_HOST = "$(BUILT_PRODUCTS_DIR)/sse.app/sse";
			};
			name = Release;
		};
		A9419B4B262D755C00B29E0C /* Debug */ = {
			isa = XCBuildConfiguration;
			buildSettings = {
				ALWAYS_EMBED_SWIFT_STANDARD_LIBRARIES = YES;
				CODE_SIGN_STYLE = Automatic;
				INFOPLIST_FILE = sseUITests/Info.plist;
				LD_RUNPATH_SEARCH_PATHS = (
					"$(inherited)",
					"@executable_path/Frameworks",
					"@loader_path/Frameworks",
				);
				PRODUCT_BUNDLE_IDENTIFIER = S.sseUITests;
				PRODUCT_NAME = "$(TARGET_NAME)";
				SWIFT_VERSION = 5.0;
				TARGETED_DEVICE_FAMILY = "1,2";
				TEST_TARGET_NAME = sse;
			};
			name = Debug;
		};
		A9419B4C262D755C00B29E0C /* Release */ = {
			isa = XCBuildConfiguration;
			buildSettings = {
				ALWAYS_EMBED_SWIFT_STANDARD_LIBRARIES = YES;
				CODE_SIGN_STYLE = Automatic;
				INFOPLIST_FILE = sseUITests/Info.plist;
				LD_RUNPATH_SEARCH_PATHS = (
					"$(inherited)",
					"@executable_path/Frameworks",
					"@loader_path/Frameworks",
				);
				PRODUCT_BUNDLE_IDENTIFIER = S.sseUITests;
				PRODUCT_NAME = "$(TARGET_NAME)";
				SWIFT_VERSION = 5.0;
				TARGETED_DEVICE_FAMILY = "1,2";
				TEST_TARGET_NAME = sse;
			};
			name = Release;
		};
/* End XCBuildConfiguration section */

/* Begin XCConfigurationList section */
		A9419B1A262D755900B29E0C /* Build configuration list for PBXProject "sse" */ = {
			isa = XCConfigurationList;
			buildConfigurations = (
				A9419B42262D755C00B29E0C /* Debug */,
				A9419B43262D755C00B29E0C /* Release */,
			);
			defaultConfigurationIsVisible = 0;
			defaultConfigurationName = Release;
		};
		A9419B44262D755C00B29E0C /* Build configuration list for PBXNativeTarget "sse" */ = {
			isa = XCConfigurationList;
			buildConfigurations = (
				A9419B45262D755C00B29E0C /* Debug */,
				A9419B46262D755C00B29E0C /* Release */,
			);
			defaultConfigurationIsVisible = 0;
			defaultConfigurationName = Release;
		};
		A9419B47262D755C00B29E0C /* Build configuration list for PBXNativeTarget "sseTests" */ = {
			isa = XCConfigurationList;
			buildConfigurations = (
				A9419B48262D755C00B29E0C /* Debug */,
				A9419B49262D755C00B29E0C /* Release */,
			);
			defaultConfigurationIsVisible = 0;
			defaultConfigurationName = Release;
		};
		A9419B4A262D755C00B29E0C /* Build configuration list for PBXNativeTarget "sseUITests" */ = {
			isa = XCConfigurationList;
			buildConfigurations = (
				A9419B4B262D755C00B29E0C /* Debug */,
				A9419B4C262D755C00B29E0C /* Release */,
			);
			defaultConfigurationIsVisible = 0;
			defaultConfigurationName = Release;
		};
/* End XCConfigurationList section */
	};
	rootObject = A9419B17262D755900B29E0C /* Project object */;
}
